
Microsoft Visual Studio Solution File, Format Version 12.00
# Visual Studio Version 17
VisualStudioVersion = 17.9.34728.123
MinimumVisualStudioVersion = 10.0.40219.1
Project("{FAE04EC0-301F-11D3-BF4B-00C04F79EFBC}") = "DotNetTrainingBatch4.ConsoleApp", "DotNetTrainingBatch4.ConsoleApp\DotNetTrainingBatch4.ConsoleApp.csproj", "{6C1665F8-5F69-476A-B7E4-6DACC46E659C}"
EndProject
Global
	GlobalSection(SolutionConfigurationPlatforms) = preSolution
		Debug|Any CPU = Debug|Any CPU
		Release|Any CPU = Release|Any CPU
	EndGlobalSection
	GlobalSection(ProjectConfigurationPlatforms) = postSolution
		{6C1665F8-5F69-476A-B7E4-6DACC46E659C}.Debug|Any CPU.ActiveCfg = Debug|Any CPU
		{6C1665F8-5F69-476A-B7E4-6DACC46E659C}.Debug|Any CPU.Build.0 = Debug|Any CPU
		{6C1665F8-5F69-476A-B7E4-6DACC46E659C}.Release|Any CPU.ActiveCfg = Release|Any CPU
		{6C1665F8-5F69-476A-B7E4-6DACC46E659C}.Release|Any CPU.Build.0 = Release|Any CPU
	EndGlobalSection
	GlobalSection(SolutionProperties) = preSolution
		HideSolutionNode = FALSE
	EndGlobalSection
	GlobalSection(ExtensibilityGlobals) = postSolution
		SolutionGuid = {BFB6791B-842C-4B7C-90B9-B14C6B4D626F}
	EndGlobalSection
EndGlobal
